{
  "name": "ubel-node",
  "version": "1.0.0",
  "lockfileVersion": 3,
  "requires": true,
  "packages": {
    "": {
      "name": "ubel-node",
      "version": "1.0.0",
      "license": "ISC",
      "bin": {
        "ubel-npm": "bin/npm.js",
        "ubel-pnpm": "bin/pnpm.js",
        "ubel-bun": "bin/bun.js"
      },
      "engines": {
        "node": ">=18.0.0"
      }
    }
  }
}
